
Microsoft Visual Studio Solution File, Format Version 12.00
# Visual Studio 2013
VisualStudioVersion = 12.0.30501.0
MinimumVisualStudioVersion = 10.0.40219.1
Project("{FAE04EC0-301F-11D3-BF4B-00C04F79EFBC}") = "GameServerCommunicator", "TargetServerCommunicator\GameServerCommunicator.csproj", "{7A445AA6-73A5-4F33-BE56-55B9BA9D8857}"
EndProject
Project("{FAE04EC0-301F-11D3-BF4B-00C04F79EFBC}") = "TestGameServer", "TestTargetServer\TestGameServer.csproj", "{F4B25426-7A4A-46CF-B597-3CE39318A0A5}"
EndProject
Project("{FAE04EC0-301F-11D3-BF4B-00C04F79EFBC}") = "TestGameGui", "TestGameGui\TestGameGui.csproj", "{3A926FF6-CCD9-4594-8061-9AFCE06907C9}"
EndProject
Global
	GlobalSection(SolutionConfigurationPlatforms) = preSolution
		Debug|Any CPU = Debug|Any CPU
		Release|Any CPU = Release|Any CPU
	EndGlobalSection
	GlobalSection(ProjectConfigurationPlatforms) = postSolution
		{7A445AA6-73A5-4F33-BE56-55B9BA9D8857}.Debug|Any CPU.ActiveCfg = Debug|Any CPU
		{7A445AA6-73A5-4F33-BE56-55B9BA9D8857}.Debug|Any CPU.Build.0 = Debug|Any CPU
		{7A445AA6-73A5-4F33-BE56-55B9BA9D8857}.Release|Any CPU.ActiveCfg = Release|Any CPU
		{7A445AA6-73A5-4F33-BE56-55B9BA9D8857}.Release|Any CPU.Build.0 = Release|Any CPU
		{F4B25426-7A4A-46CF-B597-3CE39318A0A5}.Debug|Any CPU.ActiveCfg = Debug|Any CPU
		{F4B25426-7A4A-46CF-B597-3CE39318A0A5}.Debug|Any CPU.Build.0 = Debug|Any CPU
		{F4B25426-7A4A-46CF-B597-3CE39318A0A5}.Release|Any CPU.ActiveCfg = Release|Any CPU
		{F4B25426-7A4A-46CF-B597-3CE39318A0A5}.Release|Any CPU.Build.0 = Release|Any CPU
		{3A926FF6-CCD9-4594-8061-9AFCE06907C9}.Debug|Any CPU.ActiveCfg = Debug|Any CPU
		{3A926FF6-CCD9-4594-8061-9AFCE06907C9}.Debug|Any CPU.Build.0 = Debug|Any CPU
		{3A926FF6-CCD9-4594-8061-9AFCE06907C9}.Release|Any CPU.ActiveCfg = Release|Any CPU
		{3A926FF6-CCD9-4594-8061-9AFCE06907C9}.Release|Any CPU.Build.0 = Release|Any CPU
	EndGlobalSection
	GlobalSection(SolutionProperties) = preSolution
		HideSolutionNode = FALSE
	EndGlobalSection
EndGlobal
